
Microsoft Visual Studio Solution File, Format Version 12.00
# Visual Studio Version 17
VisualStudioVersion = 17.6.33723.286
MinimumVisualStudioVersion = 10.0.40219.1
Project("{9A19103F-16F7-4668-BE54-9A1E7A4F7556}") = "AlgorithmsExecutorMachineTuring", "AlgorithmsExecutorMachineTuring\AlgorithmsExecutorMachineTuring.csproj", "{3B2F1675-3913-458C-855A-99A32FFAD218}"
EndProject
Project("{FAE04EC0-301F-11D3-BF4B-00C04F79EFBC}") = "AlgorithmExecutor", "AlgorithmExecutor\AlgorithmExecutor.csproj", "{EC9DB95D-D748-49AB-A211-D19576A9E9DC}"
EndProject
Global
	GlobalSection(SolutionConfigurationPlatforms) = preSolution
		Debug|Any CPU = Debug|Any CPU
		Release|Any CPU = Release|Any CPU
	EndGlobalSection
	GlobalSection(ProjectConfigurationPlatforms) = postSolution
		{3B2F1675-3913-458C-855A-99A32FFAD218}.Debug|Any CPU.ActiveCfg = Debug|Any CPU
		{3B2F1675-3913-458C-855A-99A32FFAD218}.Debug|Any CPU.Build.0 = Debug|Any CPU
		{3B2F1675-3913-458C-855A-99A32FFAD218}.Release|Any CPU.ActiveCfg = Release|Any CPU
		{3B2F1675-3913-458C-855A-99A32FFAD218}.Release|Any CPU.Build.0 = Release|Any CPU
		{EC9DB95D-D748-49AB-A211-D19576A9E9DC}.Debug|Any CPU.ActiveCfg = Debug|Any CPU
		{EC9DB95D-D748-49AB-A211-D19576A9E9DC}.Debug|Any CPU.Build.0 = Debug|Any CPU
		{EC9DB95D-D748-49AB-A211-D19576A9E9DC}.Release|Any CPU.ActiveCfg = Release|Any CPU
		{EC9DB95D-D748-49AB-A211-D19576A9E9DC}.Release|Any CPU.Build.0 = Release|Any CPU
	EndGlobalSection
	GlobalSection(SolutionProperties) = preSolution
		HideSolutionNode = FALSE
	EndGlobalSection
	GlobalSection(ExtensibilityGlobals) = postSolution
		SolutionGuid = {D44E474F-0296-4207-A64C-29FC6A24F888}
	EndGlobalSection
EndGlobal
